// !$*UTF8*$!
{
	archiveVersion = 1;
	classes = {
	};
	objectVersion = 56;
	objects = {

/* Begin PBXBuildFile section */
		21F6D1812A47C3DE00CBC983 /* QuickLiftsApp.swift in Sources */ = {isa = PBXBuildFile; fileRef = 21F6D1802A47C3DE00CBC983 /* QuickLiftsApp.swift */; };
		21F6D1832A47C3DE00CBC983 /* ContentView.swift in Sources */ = {isa = PBXBuildFile; fileRef = 21F6D1822A47C3DE00CBC983 /* ContentView.swift */; };
		21F6D1852A47C3DF00CBC983 /* Assets.xcassets in Resources */ = {isa = PBXBuildFile; fileRef = 21F6D1842A47C3DF00CBC983 /* Assets.xcassets */; };
		21F6D1892A47C3DF00CBC983 /* Preview Assets.xcassets in Resources */ = {isa = PBXBuildFile; fileRef = 21F6D1882A47C3DF00CBC983 /* Preview Assets.xcassets */; };
		21F6D1932A47C3DF00CBC983 /* QuickLiftsTests.swift in Sources */ = {isa = PBXBuildFile; fileRef = 21F6D1922A47C3DF00CBC983 /* QuickLiftsTests.swift */; };
		21F6D19D2A47C3DF00CBC983 /* QuickLiftsUITests.swift in Sources */ = {isa = PBXBuildFile; fileRef = 21F6D19C2A47C3DF00CBC983 /* QuickLiftsUITests.swift */; };
		21F6D19F2A47C3DF00CBC983 /* QuickLiftsUITestsLaunchTests.swift in Sources */ = {isa = PBXBuildFile; fileRef = 21F6D19E2A47C3DF00CBC983 /* QuickLiftsUITestsLaunchTests.swift */; };
		21F6D1AD2A47C47800CBC983 /* AppCoordinator.swift in Sources */ = {isa = PBXBuildFile; fileRef = 21F6D1AC2A47C47800CBC983 /* AppCoordinator.swift */; };
		21F6D1B02A4B17EE00CBC983 /* ServiceManager.swift in Sources */ = {isa = PBXBuildFile; fileRef = 21F6D1AF2A4B17EE00CBC983 /* ServiceManager.swift */; };
		21F6D1B22A4B17FE00CBC983 /* FirebaseService.swift in Sources */ = {isa = PBXBuildFile; fileRef = 21F6D1B12A4B17FE00CBC983 /* FirebaseService.swift */; };
		21F6D1B52A4B185E00CBC983 /* FirebaseAnalytics in Frameworks */ = {isa = PBXBuildFile; productRef = 21F6D1B42A4B185E00CBC983 /* FirebaseAnalytics */; };
		21F6D1B72A4B185E00CBC983 /* FirebaseAnalyticsOnDeviceConversion in Frameworks */ = {isa = PBXBuildFile; productRef = 21F6D1B62A4B185E00CBC983 /* FirebaseAnalyticsOnDeviceConversion */; };
		21F6D1B92A4B185E00CBC983 /* FirebaseAnalyticsSwift in Frameworks */ = {isa = PBXBuildFile; productRef = 21F6D1B82A4B185E00CBC983 /* FirebaseAnalyticsSwift */; };
		21F6D1BB2A4B185E00CBC983 /* FirebaseAnalyticsWithoutAdIdSupport in Frameworks */ = {isa = PBXBuildFile; productRef = 21F6D1BA2A4B185E00CBC983 /* FirebaseAnalyticsWithoutAdIdSupport */; };
		21F6D1BD2A4B185E00CBC983 /* FirebaseAppCheck in Frameworks */ = {isa = PBXBuildFile; productRef = 21F6D1BC2A4B185E00CBC983 /* FirebaseAppCheck */; };
		21F6D1BF2A4B185E00CBC983 /* FirebaseAuth in Frameworks */ = {isa = PBXBuildFile; productRef = 21F6D1BE2A4B185E00CBC983 /* FirebaseAuth */; };
		21F6D1C12A4B185E00CBC983 /* FirebaseAuthCombine-Community in Frameworks */ = {isa = PBXBuildFile; productRef = 21F6D1C02A4B185E00CBC983 /* FirebaseAuthCombine-Community */; };
		21F6D1C32A4B185E00CBC983 /* FirebaseCrashlytics in Frameworks */ = {isa = PBXBuildFile; productRef = 21F6D1C22A4B185E00CBC983 /* FirebaseCrashlytics */; };
		21F6D1C52A4B185E00CBC983 /* FirebaseDatabase in Frameworks */ = {isa = PBXBuildFile; productRef = 21F6D1C42A4B185E00CBC983 /* FirebaseDatabase */; };
		21F6D1C72A4B185E00CBC983 /* FirebaseDatabaseSwift in Frameworks */ = {isa = PBXBuildFile; productRef = 21F6D1C62A4B185E00CBC983 /* FirebaseDatabaseSwift */; };
		21F6D1C92A4B185E00CBC983 /* FirebaseDynamicLinks in Frameworks */ = {isa = PBXBuildFile; productRef = 21F6D1C82A4B185E00CBC983 /* FirebaseDynamicLinks */; };
		21F6D1CB2A4B185E00CBC983 /* FirebaseFirestore in Frameworks */ = {isa = PBXBuildFile; productRef = 21F6D1CA2A4B185E00CBC983 /* FirebaseFirestore */; };
		21F6D1CD2A4B185E00CBC983 /* FirebaseFirestoreSwift in Frameworks */ = {isa = PBXBuildFile; productRef = 21F6D1CC2A4B185E00CBC983 /* FirebaseFirestoreSwift */; };
		21F6D1CF2A4B185E00CBC983 /* FirebaseFunctions in Frameworks */ = {isa = PBXBuildFile; productRef = 21F6D1CE2A4B185E00CBC983 /* FirebaseFunctions */; };
		21F6D1D12A4B185E00CBC983 /* FirebaseInstallations in Frameworks */ = {isa = PBXBuildFile; productRef = 21F6D1D02A4B185E00CBC983 /* FirebaseInstallations */; };
		21F6D1D32A4B185E00CBC983 /* FirebaseMLModelDownloader in Frameworks */ = {isa = PBXBuildFile; productRef = 21F6D1D22A4B185E00CBC983 /* FirebaseMLModelDownloader */; };
		21F6D1D52A4B185E00CBC983 /* FirebaseMessaging in Frameworks */ = {isa = PBXBuildFile; productRef = 21F6D1D42A4B185E00CBC983 /* FirebaseMessaging */; };
		21F6D1D72A4B185E00CBC983 /* FirebasePerformance in Frameworks */ = {isa = PBXBuildFile; productRef = 21F6D1D62A4B185E00CBC983 /* FirebasePerformance */; };
		21F6D1D92A4B185E00CBC983 /* FirebaseRemoteConfig in Frameworks */ = {isa = PBXBuildFile; productRef = 21F6D1D82A4B185E00CBC983 /* FirebaseRemoteConfig */; };
		21F6D1DB2A4B185E00CBC983 /* FirebaseRemoteConfigSwift in Frameworks */ = {isa = PBXBuildFile; productRef = 21F6D1DA2A4B185E00CBC983 /* FirebaseRemoteConfigSwift */; };
		21F6D1DD2A4B185E00CBC983 /* FirebaseStorage in Frameworks */ = {isa = PBXBuildFile; productRef = 21F6D1DC2A4B185E00CBC983 /* FirebaseStorage */; };
		21F6D1E02A4B194300CBC983 /* User.swift in Sources */ = {isa = PBXBuildFile; fileRef = 21F6D1DF2A4B194300CBC983 /* User.swift */; };
		21F6D1E22A4B1ACA00CBC983 /* UserService.swift in Sources */ = {isa = PBXBuildFile; fileRef = 21F6D1E12A4B1ACA00CBC983 /* UserService.swift */; };
		21F6D1E42A4B1BBF00CBC983 /* NotificationService.swift in Sources */ = {isa = PBXBuildFile; fileRef = 21F6D1E32A4B1BBF00CBC983 /* NotificationService.swift */; };
		21F6D1E72A4B1E6000CBC983 /* SplashLoader.swift in Sources */ = {isa = PBXBuildFile; fileRef = 21F6D1E62A4B1E6000CBC983 /* SplashLoader.swift */; };
		21F6D1E92A4B1E7E00CBC983 /* PlayerView.swift in Sources */ = {isa = PBXBuildFile; fileRef = 21F6D1E82A4B1E7E00CBC983 /* PlayerView.swift */; };
		21F6D1EB2A4B1EDE00CBC983 /* PlayerUIView.swift in Sources */ = {isa = PBXBuildFile; fileRef = 21F6D1EA2A4B1EDE00CBC983 /* PlayerUIView.swift */; };
		21F6D1EE2A4B1F3100CBC983 /* IntroView.swift in Sources */ = {isa = PBXBuildFile; fileRef = 21F6D1ED2A4B1F3100CBC983 /* IntroView.swift */; };
		21F6D1F02A4B1F8D00CBC983 /* NewIntroductionView.swift in Sources */ = {isa = PBXBuildFile; fileRef = 21F6D1EF2A4B1F8D00CBC983 /* NewIntroductionView.swift */; };
		21F6D1F42A4B1FBE00CBC983 /* HomeView.swift in Sources */ = {isa = PBXBuildFile; fileRef = 21F6D1F32A4B1FBE00CBC983 /* HomeView.swift */; };
		21F6D1F62A4B218400CBC983 /* ChangePasswordView.swift in Sources */ = {isa = PBXBuildFile; fileRef = 21F6D1F52A4B218400CBC983 /* ChangePasswordView.swift */; };
		21F6D1F82A4B22B700CBC983 /* ProfileView.swift in Sources */ = {isa = PBXBuildFile; fileRef = 21F6D1F72A4B22B700CBC983 /* ProfileView.swift */; };
		21F6D1FA2A4B234800CBC983 /* ConfirmationButton.swift in Sources */ = {isa = PBXBuildFile; fileRef = 21F6D1F92A4B234800CBC983 /* ConfirmationButton.swift */; };
		21F6D1FE2A4B23A500CBC983 /* Color+Template in Sources */ = {isa = PBXBuildFile; fileRef = 21F6D1FD2A4B23A500CBC983 /* Color+Template */; };
		21F6D2002A4B24D300CBC983 /* ToastView.swift in Sources */ = {isa = PBXBuildFile; fileRef = 21F6D1FF2A4B24D300CBC983 /* ToastView.swift */; };
		21F6D2022A4B251300CBC983 /* Icon.swift in Sources */ = {isa = PBXBuildFile; fileRef = 21F6D2012A4B251300CBC983 /* Icon.swift */; };
		21F6D2042A4B254B00CBC983 /* IconImage.swift in Sources */ = {isa = PBXBuildFile; fileRef = 21F6D2032A4B254B00CBC983 /* IconImage.swift */; };
		21F6D2062A4B25A400CBC983 /* TextFieldWithIcon.swift in Sources */ = {isa = PBXBuildFile; fileRef = 21F6D2052A4B25A400CBC983 /* TextFieldWithIcon.swift */; };
		21F6D2082A4B260500CBC983 /* RegistrationView.swift in Sources */ = {isa = PBXBuildFile; fileRef = 21F6D2072A4B260500CBC983 /* RegistrationView.swift */; };
		21F6D20A2A4B261700CBC983 /* FreeTrialView.swift in Sources */ = {isa = PBXBuildFile; fileRef = 21F6D2092A4B261700CBC983 /* FreeTrialView.swift */; };
		21F6D2162A4B270700CBC983 /* LoginView.swift in Sources */ = {isa = PBXBuildFile; fileRef = 21F6D2152A4B270700CBC983 /* LoginView.swift */; };
/* End PBXBuildFile section */

/* Begin PBXContainerItemProxy section */
		21F6D18F2A47C3DF00CBC983 /* PBXContainerItemProxy */ = {
			isa = PBXContainerItemProxy;
			containerPortal = 21F6D1752A47C3DE00CBC983 /* Project object */;
			proxyType = 1;
			remoteGlobalIDString = 21F6D17C2A47C3DE00CBC983;
			remoteInfo = QuickLifts;
		};
		21F6D1992A47C3DF00CBC983 /* PBXContainerItemProxy */ = {
			isa = PBXContainerItemProxy;
			containerPortal = 21F6D1752A47C3DE00CBC983 /* Project object */;
			proxyType = 1;
			remoteGlobalIDString = 21F6D17C2A47C3DE00CBC983;
			remoteInfo = QuickLifts;
		};
/* End PBXContainerItemProxy section */

/* Begin PBXFileReference section */
		21F6D17D2A47C3DE00CBC983 /* QuickLifts.app */ = {isa = PBXFileReference; explicitFileType = wrapper.application; includeInIndex = 0; path = QuickLifts.app; sourceTree = BUILT_PRODUCTS_DIR; };
		21F6D1802A47C3DE00CBC983 /* QuickLiftsApp.swift */ = {isa = PBXFileReference; lastKnownFileType = sourcecode.swift; path = QuickLiftsApp.swift; sourceTree = "<group>"; };
		21F6D1822A47C3DE00CBC983 /* ContentView.swift */ = {isa = PBXFileReference; lastKnownFileType = sourcecode.swift; path = ContentView.swift; sourceTree = "<group>"; };
		21F6D1842A47C3DF00CBC983 /* Assets.xcassets */ = {isa = PBXFileReference; lastKnownFileType = folder.assetcatalog; path = Assets.xcassets; sourceTree = "<group>"; };
		21F6D1862A47C3DF00CBC983 /* QuickLifts.entitlements */ = {isa = PBXFileReference; lastKnownFileType = text.plist.entitlements; path = QuickLifts.entitlements; sourceTree = "<group>"; };
		21F6D1882A47C3DF00CBC983 /* Preview Assets.xcassets */ = {isa = PBXFileReference; lastKnownFileType = folder.assetcatalog; path = "Preview Assets.xcassets"; sourceTree = "<group>"; };
		21F6D18E2A47C3DF00CBC983 /* QuickLiftsTests.xctest */ = {isa = PBXFileReference; explicitFileType = wrapper.cfbundle; includeInIndex = 0; path = QuickLiftsTests.xctest; sourceTree = BUILT_PRODUCTS_DIR; };
		21F6D1922A47C3DF00CBC983 /* QuickLiftsTests.swift */ = {isa = PBXFileReference; lastKnownFileType = sourcecode.swift; path = QuickLiftsTests.swift; sourceTree = "<group>"; };
		21F6D1982A47C3DF00CBC983 /* QuickLiftsUITests.xctest */ = {isa = PBXFileReference; explicitFileType = wrapper.cfbundle; includeInIndex = 0; path = QuickLiftsUITests.xctest; sourceTree = BUILT_PRODUCTS_DIR; };
		21F6D19C2A47C3DF00CBC983 /* QuickLiftsUITests.swift */ = {isa = PBXFileReference; lastKnownFileType = sourcecode.swift; path = QuickLiftsUITests.swift; sourceTree = "<group>"; };
		21F6D19E2A47C3DF00CBC983 /* QuickLiftsUITestsLaunchTests.swift */ = {isa = PBXFileReference; lastKnownFileType = sourcecode.swift; path = QuickLiftsUITestsLaunchTests.swift; sourceTree = "<group>"; };
		21F6D1AC2A47C47800CBC983 /* AppCoordinator.swift */ = {isa = PBXFileReference; lastKnownFileType = sourcecode.swift; path = AppCoordinator.swift; sourceTree = "<group>"; };
		21F6D1AF2A4B17EE00CBC983 /* ServiceManager.swift */ = {isa = PBXFileReference; lastKnownFileType = sourcecode.swift; path = ServiceManager.swift; sourceTree = "<group>"; };
		21F6D1B12A4B17FE00CBC983 /* FirebaseService.swift */ = {isa = PBXFileReference; lastKnownFileType = sourcecode.swift; path = FirebaseService.swift; sourceTree = "<group>"; };
		21F6D1DF2A4B194300CBC983 /* User.swift */ = {isa = PBXFileReference; lastKnownFileType = sourcecode.swift; path = User.swift; sourceTree = "<group>"; };
		21F6D1E12A4B1ACA00CBC983 /* UserService.swift */ = {isa = PBXFileReference; lastKnownFileType = sourcecode.swift; path = UserService.swift; sourceTree = "<group>"; };
		21F6D1E32A4B1BBF00CBC983 /* NotificationService.swift */ = {isa = PBXFileReference; lastKnownFileType = sourcecode.swift; path = NotificationService.swift; sourceTree = "<group>"; };
		21F6D1E62A4B1E6000CBC983 /* SplashLoader.swift */ = {isa = PBXFileReference; lastKnownFileType = sourcecode.swift; path = SplashLoader.swift; sourceTree = "<group>"; };
		21F6D1E82A4B1E7E00CBC983 /* PlayerView.swift */ = {isa = PBXFileReference; lastKnownFileType = sourcecode.swift; path = PlayerView.swift; sourceTree = "<group>"; };
		21F6D1EA2A4B1EDE00CBC983 /* PlayerUIView.swift */ = {isa = PBXFileReference; lastKnownFileType = sourcecode.swift; path = PlayerUIView.swift; sourceTree = "<group>"; };
		21F6D1ED2A4B1F3100CBC983 /* IntroView.swift */ = {isa = PBXFileReference; lastKnownFileType = sourcecode.swift; path = IntroView.swift; sourceTree = "<group>"; };
		21F6D1EF2A4B1F8D00CBC983 /* NewIntroductionView.swift */ = {isa = PBXFileReference; lastKnownFileType = sourcecode.swift; path = NewIntroductionView.swift; sourceTree = "<group>"; };
		21F6D1F32A4B1FBE00CBC983 /* HomeView.swift */ = {isa = PBXFileReference; lastKnownFileType = sourcecode.swift; path = HomeView.swift; sourceTree = "<group>"; };
		21F6D1F52A4B218400CBC983 /* ChangePasswordView.swift */ = {isa = PBXFileReference; lastKnownFileType = sourcecode.swift; path = ChangePasswordView.swift; sourceTree = "<group>"; };
		21F6D1F72A4B22B700CBC983 /* ProfileView.swift */ = {isa = PBXFileReference; lastKnownFileType = sourcecode.swift; path = ProfileView.swift; sourceTree = "<group>"; };
		21F6D1F92A4B234800CBC983 /* ConfirmationButton.swift */ = {isa = PBXFileReference; lastKnownFileType = sourcecode.swift; path = ConfirmationButton.swift; sourceTree = "<group>"; };
		21F6D1FD2A4B23A500CBC983 /* Color+Template */ = {isa = PBXFileReference; lastKnownFileType = text; path = "Color+Template"; sourceTree = "<group>"; };
		21F6D1FF2A4B24D300CBC983 /* ToastView.swift */ = {isa = PBXFileReference; lastKnownFileType = sourcecode.swift; path = ToastView.swift; sourceTree = "<group>"; };
		21F6D2012A4B251300CBC983 /* Icon.swift */ = {isa = PBXFileReference; lastKnownFileType = sourcecode.swift; path = Icon.swift; sourceTree = "<group>"; };
		21F6D2032A4B254B00CBC983 /* IconImage.swift */ = {isa = PBXFileReference; lastKnownFileType = sourcecode.swift; path = IconImage.swift; sourceTree = "<group>"; };
		21F6D2052A4B25A400CBC983 /* TextFieldWithIcon.swift */ = {isa = PBXFileReference; lastKnownFileType = sourcecode.swift; path = TextFieldWithIcon.swift; sourceTree = "<group>"; };
		21F6D2072A4B260500CBC983 /* RegistrationView.swift */ = {isa = PBXFileReference; lastKnownFileType = sourcecode.swift; path = RegistrationView.swift; sourceTree = "<group>"; };
		21F6D2092A4B261700CBC983 /* FreeTrialView.swift */ = {isa = PBXFileReference; lastKnownFileType = sourcecode.swift; path = FreeTrialView.swift; sourceTree = "<group>"; };
		21F6D2152A4B270700CBC983 /* LoginView.swift */ = {isa = PBXFileReference; lastKnownFileType = sourcecode.swift; path = LoginView.swift; sourceTree = "<group>"; };
/* End PBXFileReference section */

/* Begin PBXFrameworksBuildPhase section */
		21F6D17A2A47C3DE00CBC983 /* Frameworks */ = {
			isa = PBXFrameworksBuildPhase;
			buildActionMask = 2147483647;
			files = (
				21F6D1C72A4B185E00CBC983 /* FirebaseDatabaseSwift in Frameworks */,
				21F6D1CF2A4B185E00CBC983 /* FirebaseFunctions in Frameworks */,
				21F6D1D72A4B185E00CBC983 /* FirebasePerformance in Frameworks */,
				21F6D1C92A4B185E00CBC983 /* FirebaseDynamicLinks in Frameworks */,
				21F6D1D32A4B185E00CBC983 /* FirebaseMLModelDownloader in Frameworks */,
				21F6D1B92A4B185E00CBC983 /* FirebaseAnalyticsSwift in Frameworks */,
				21F6D1BF2A4B185E00CBC983 /* FirebaseAuth in Frameworks */,
				21F6D1B52A4B185E00CBC983 /* FirebaseAnalytics in Frameworks */,
				21F6D1CB2A4B185E00CBC983 /* FirebaseFirestore in Frameworks */,
				21F6D1B72A4B185E00CBC983 /* FirebaseAnalyticsOnDeviceConversion in Frameworks */,
				21F6D1D92A4B185E00CBC983 /* FirebaseRemoteConfig in Frameworks */,
				21F6D1DD2A4B185E00CBC983 /* FirebaseStorage in Frameworks */,
				21F6D1D52A4B185E00CBC983 /* FirebaseMessaging in Frameworks */,
				21F6D1CD2A4B185E00CBC983 /* FirebaseFirestoreSwift in Frameworks */,
				21F6D1D12A4B185E00CBC983 /* FirebaseInstallations in Frameworks */,
				21F6D1BD2A4B185E00CBC983 /* FirebaseAppCheck in Frameworks */,
				21F6D1C32A4B185E00CBC983 /* FirebaseCrashlytics in Frameworks */,
				21F6D1C52A4B185E00CBC983 /* FirebaseDatabase in Frameworks */,
				21F6D1DB2A4B185E00CBC983 /* FirebaseRemoteConfigSwift in Frameworks */,
				21F6D1C12A4B185E00CBC983 /* FirebaseAuthCombine-Community in Frameworks */,
				21F6D1BB2A4B185E00CBC983 /* FirebaseAnalyticsWithoutAdIdSupport in Frameworks */,
			);
			runOnlyForDeploymentPostprocessing = 0;
		};
		21F6D18B2A47C3DF00CBC983 /* Frameworks */ = {
			isa = PBXFrameworksBuildPhase;
			buildActionMask = 2147483647;
			files = (
			);
			runOnlyForDeploymentPostprocessing = 0;
		};
		21F6D1952A47C3DF00CBC983 /* Frameworks */ = {
			isa = PBXFrameworksBuildPhase;
			buildActionMask = 2147483647;
			files = (
			);
			runOnlyForDeploymentPostprocessing = 0;
		};
/* End PBXFrameworksBuildPhase section */

/* Begin PBXGroup section */
		21F6D1742A47C3DE00CBC983 = {
			isa = PBXGroup;
			children = (
				21F6D17F2A47C3DE00CBC983 /* QuickLifts */,
				21F6D1912A47C3DF00CBC983 /* QuickLiftsTests */,
				21F6D19B2A47C3DF00CBC983 /* QuickLiftsUITests */,
				21F6D17E2A47C3DE00CBC983 /* Products */,
			);
			sourceTree = "<group>";
		};
		21F6D17E2A47C3DE00CBC983 /* Products */ = {
			isa = PBXGroup;
			children = (
				21F6D17D2A47C3DE00CBC983 /* QuickLifts.app */,
				21F6D18E2A47C3DF00CBC983 /* QuickLiftsTests.xctest */,
				21F6D1982A47C3DF00CBC983 /* QuickLiftsUITests.xctest */,
			);
			name = Products;
			sourceTree = "<group>";
		};
		21F6D17F2A47C3DE00CBC983 /* QuickLifts */ = {
			isa = PBXGroup;
			children = (
				21F6D1FC2A4B239400CBC983 /* Helpers */,
				21F6D1DE2A4B193700CBC983 /* Models */,
				21F6D1AE2A4B17C800CBC983 /* Services */,
				21F6D1AB2A47C41100CBC983 /* View */,
				21F6D1842A47C3DF00CBC983 /* Assets.xcassets */,
				21F6D1862A47C3DF00CBC983 /* QuickLifts.entitlements */,
				21F6D1872A47C3DF00CBC983 /* Preview Content */,
			);
			path = QuickLifts;
			sourceTree = "<group>";
		};
		21F6D1872A47C3DF00CBC983 /* Preview Content */ = {
			isa = PBXGroup;
			children = (
				21F6D1882A47C3DF00CBC983 /* Preview Assets.xcassets */,
			);
			path = "Preview Content";
			sourceTree = "<group>";
		};
		21F6D1912A47C3DF00CBC983 /* QuickLiftsTests */ = {
			isa = PBXGroup;
			children = (
				21F6D1922A47C3DF00CBC983 /* QuickLiftsTests.swift */,
			);
			path = QuickLiftsTests;
			sourceTree = "<group>";
		};
		21F6D19B2A47C3DF00CBC983 /* QuickLiftsUITests */ = {
			isa = PBXGroup;
			children = (
				21F6D19C2A47C3DF00CBC983 /* QuickLiftsUITests.swift */,
				21F6D19E2A47C3DF00CBC983 /* QuickLiftsUITestsLaunchTests.swift */,
			);
			path = QuickLiftsUITests;
			sourceTree = "<group>";
		};
		21F6D1AB2A47C41100CBC983 /* View */ = {
			isa = PBXGroup;
			children = (
				21F6D1EC2A4B1F2100CBC983 /* Screens */,
				21F6D1E52A4B1E3500CBC983 /* Components */,
				21F6D1802A47C3DE00CBC983 /* QuickLiftsApp.swift */,
				21F6D1822A47C3DE00CBC983 /* ContentView.swift */,
				21F6D1AC2A47C47800CBC983 /* AppCoordinator.swift */,
			);
			path = View;
			sourceTree = "<group>";
		};
		21F6D1AE2A4B17C800CBC983 /* Services */ = {
			isa = PBXGroup;
			children = (
				21F6D1AF2A4B17EE00CBC983 /* ServiceManager.swift */,
				21F6D1B12A4B17FE00CBC983 /* FirebaseService.swift */,
				21F6D1E12A4B1ACA00CBC983 /* UserService.swift */,
				21F6D1E32A4B1BBF00CBC983 /* NotificationService.swift */,
			);
			path = Services;
			sourceTree = "<group>";
		};
		21F6D1DE2A4B193700CBC983 /* Models */ = {
			isa = PBXGroup;
			children = (
				21F6D1DF2A4B194300CBC983 /* User.swift */,
			);
			path = Models;
			sourceTree = "<group>";
		};
		21F6D1E52A4B1E3500CBC983 /* Components */ = {
			isa = PBXGroup;
			children = (
				21F6D1E62A4B1E6000CBC983 /* SplashLoader.swift */,
				21F6D1E82A4B1E7E00CBC983 /* PlayerView.swift */,
				21F6D1EA2A4B1EDE00CBC983 /* PlayerUIView.swift */,
				21F6D1F92A4B234800CBC983 /* ConfirmationButton.swift */,
				21F6D1FF2A4B24D300CBC983 /* ToastView.swift */,
				21F6D2012A4B251300CBC983 /* Icon.swift */,
				21F6D2032A4B254B00CBC983 /* IconImage.swift */,
				21F6D2052A4B25A400CBC983 /* TextFieldWithIcon.swift */,
			);
			path = Components;
			sourceTree = "<group>";
		};
		21F6D1EC2A4B1F2100CBC983 /* Screens */ = {
			isa = PBXGroup;
			children = (
				21F6D1ED2A4B1F3100CBC983 /* IntroView.swift */,
				21F6D1EF2A4B1F8D00CBC983 /* NewIntroductionView.swift */,
				21F6D1F32A4B1FBE00CBC983 /* HomeView.swift */,
				21F6D1F52A4B218400CBC983 /* ChangePasswordView.swift */,
				21F6D1F72A4B22B700CBC983 /* ProfileView.swift */,
				21F6D2072A4B260500CBC983 /* RegistrationView.swift */,
				21F6D2092A4B261700CBC983 /* FreeTrialView.swift */,
				21F6D2152A4B270700CBC983 /* LoginView.swift */,
			);
			path = Screens;
			sourceTree = "<group>";
		};
		21F6D1FC2A4B239400CBC983 /* Helpers */ = {
			isa = PBXGroup;
			children = (
				21F6D1FD2A4B23A500CBC983 /* Color+Template */,
			);
			path = Helpers;
			sourceTree = "<group>";
		};
/* End PBXGroup section */

/* Begin PBXNativeTarget section */
		21F6D17C2A47C3DE00CBC983 /* QuickLifts */ = {
			isa = PBXNativeTarget;
			buildConfigurationList = 21F6D1A22A47C3DF00CBC983 /* Build configuration list for PBXNativeTarget "QuickLifts" */;
			buildPhases = (
				21F6D1792A47C3DE00CBC983 /* Sources */,
				21F6D17A2A47C3DE00CBC983 /* Frameworks */,
				21F6D17B2A47C3DE00CBC983 /* Resources */,
			);
			buildRules = (
			);
			dependencies = (
			);
			name = QuickLifts;
			packageProductDependencies = (
				21F6D1B42A4B185E00CBC983 /* FirebaseAnalytics */,
				21F6D1B62A4B185E00CBC983 /* FirebaseAnalyticsOnDeviceConversion */,
				21F6D1B82A4B185E00CBC983 /* FirebaseAnalyticsSwift */,
				21F6D1BA2A4B185E00CBC983 /* FirebaseAnalyticsWithoutAdIdSupport */,
				21F6D1BC2A4B185E00CBC983 /* FirebaseAppCheck */,
				21F6D1BE2A4B185E00CBC983 /* FirebaseAuth */,
				21F6D1C02A4B185E00CBC983 /* FirebaseAuthCombine-Community */,
				21F6D1C22A4B185E00CBC983 /* FirebaseCrashlytics */,
				21F6D1C42A4B185E00CBC983 /* FirebaseDatabase */,
				21F6D1C62A4B185E00CBC983 /* FirebaseDatabaseSwift */,
				21F6D1C82A4B185E00CBC983 /* FirebaseDynamicLinks */,
				21F6D1CA2A4B185E00CBC983 /* FirebaseFirestore */,
				21F6D1CC2A4B185E00CBC983 /* FirebaseFirestoreSwift */,
				21F6D1CE2A4B185E00CBC983 /* FirebaseFunctions */,
				21F6D1D02A4B185E00CBC983 /* FirebaseInstallations */,
				21F6D1D22A4B185E00CBC983 /* FirebaseMLModelDownloader */,
				21F6D1D42A4B185E00CBC983 /* FirebaseMessaging */,
				21F6D1D62A4B185E00CBC983 /* FirebasePerformance */,
				21F6D1D82A4B185E00CBC983 /* FirebaseRemoteConfig */,
				21F6D1DA2A4B185E00CBC983 /* FirebaseRemoteConfigSwift */,
				21F6D1DC2A4B185E00CBC983 /* FirebaseStorage */,
			);
			productName = QuickLifts;
			productReference = 21F6D17D2A47C3DE00CBC983 /* QuickLifts.app */;
			productType = "com.apple.product-type.application";
		};
		21F6D18D2A47C3DF00CBC983 /* QuickLiftsTests */ = {
			isa = PBXNativeTarget;
			buildConfigurationList = 21F6D1A52A47C3DF00CBC983 /* Build configuration list for PBXNativeTarget "QuickLiftsTests" */;
			buildPhases = (
				21F6D18A2A47C3DF00CBC983 /* Sources */,
				21F6D18B2A47C3DF00CBC983 /* Frameworks */,
				21F6D18C2A47C3DF00CBC983 /* Resources */,
			);
			buildRules = (
			);
			dependencies = (
				21F6D1902A47C3DF00CBC983 /* PBXTargetDependency */,
			);
			name = QuickLiftsTests;
			productName = QuickLiftsTests;
			productReference = 21F6D18E2A47C3DF00CBC983 /* QuickLiftsTests.xctest */;
			productType = "com.apple.product-type.bundle.unit-test";
		};
		21F6D1972A47C3DF00CBC983 /* QuickLiftsUITests */ = {
			isa = PBXNativeTarget;
			buildConfigurationList = 21F6D1A82A47C3DF00CBC983 /* Build configuration list for PBXNativeTarget "QuickLiftsUITests" */;
			buildPhases = (
				21F6D1942A47C3DF00CBC983 /* Sources */,
				21F6D1952A47C3DF00CBC983 /* Frameworks */,
				21F6D1962A47C3DF00CBC983 /* Resources */,
			);
			buildRules = (
			);
			dependencies = (
				21F6D19A2A47C3DF00CBC983 /* PBXTargetDependency */,
			);
			name = QuickLiftsUITests;
			productName = QuickLiftsUITests;
			productReference = 21F6D1982A47C3DF00CBC983 /* QuickLiftsUITests.xctest */;
			productType = "com.apple.product-type.bundle.ui-testing";
		};
/* End PBXNativeTarget section */

/* Begin PBXProject section */
		21F6D1752A47C3DE00CBC983 /* Project object */ = {
			isa = PBXProject;
			attributes = {
				BuildIndependentTargetsInParallel = 1;
				LastSwiftUpdateCheck = 1430;
				LastUpgradeCheck = 1430;
				TargetAttributes = {
					21F6D17C2A47C3DE00CBC983 = {
						CreatedOnToolsVersion = 14.3.1;
					};
					21F6D18D2A47C3DF00CBC983 = {
						CreatedOnToolsVersion = 14.3.1;
						TestTargetID = 21F6D17C2A47C3DE00CBC983;
					};
					21F6D1972A47C3DF00CBC983 = {
						CreatedOnToolsVersion = 14.3.1;
						TestTargetID = 21F6D17C2A47C3DE00CBC983;
					};
				};
			};
			buildConfigurationList = 21F6D1782A47C3DE00CBC983 /* Build configuration list for PBXProject "QuickLifts" */;
			compatibilityVersion = "Xcode 14.0";
			developmentRegion = en;
			hasScannedForEncodings = 0;
			knownRegions = (
				en,
				Base,
			);
			mainGroup = 21F6D1742A47C3DE00CBC983;
			packageReferences = (
				21F6D1B32A4B185E00CBC983 /* XCRemoteSwiftPackageReference "firebase-ios-sdk" */,
			);
			productRefGroup = 21F6D17E2A47C3DE00CBC983 /* Products */;
			projectDirPath = "";
			projectRoot = "";
			targets = (
				21F6D17C2A47C3DE00CBC983 /* QuickLifts */,
				21F6D18D2A47C3DF00CBC983 /* QuickLiftsTests */,
				21F6D1972A47C3DF00CBC983 /* QuickLiftsUITests */,
			);
		};
/* End PBXProject section */

/* Begin PBXResourcesBuildPhase section */
		21F6D17B2A47C3DE00CBC983 /* Resources */ = {
			isa = PBXResourcesBuildPhase;
			buildActionMask = 2147483647;
			files = (
				21F6D1892A47C3DF00CBC983 /* Preview Assets.xcassets in Resources */,
				21F6D1852A47C3DF00CBC983 /* Assets.xcassets in Resources */,
			);
			runOnlyForDeploymentPostprocessing = 0;
		};
		21F6D18C2A47C3DF00CBC983 /* Resources */ = {
			isa = PBXResourcesBuildPhase;
			buildActionMask = 2147483647;
			files = (
			);
			runOnlyForDeploymentPostprocessing = 0;
		};
		21F6D1962A47C3DF00CBC983 /* Resources */ = {
			isa = PBXResourcesBuildPhase;
			buildActionMask = 2147483647;
			files = (
			);
			runOnlyForDeploymentPostprocessing = 0;
		};
/* End PBXResourcesBuildPhase section */

/* Begin PBXSourcesBuildPhase section */
		21F6D1792A47C3DE00CBC983 /* Sources */ = {
			isa = PBXSourcesBuildPhase;
			buildActionMask = 2147483647;
			files = (
				21F6D1E22A4B1ACA00CBC983 /* UserService.swift in Sources */,
				21F6D1F42A4B1FBE00CBC983 /* HomeView.swift in Sources */,
				21F6D2082A4B260500CBC983 /* RegistrationView.swift in Sources */,
				21F6D1FE2A4B23A500CBC983 /* Color+Template in Sources */,
				21F6D2042A4B254B00CBC983 /* IconImage.swift in Sources */,
				21F6D1AD2A47C47800CBC983 /* AppCoordinator.swift in Sources */,
				21F6D1B22A4B17FE00CBC983 /* FirebaseService.swift in Sources */,
				21F6D20A2A4B261700CBC983 /* FreeTrialView.swift in Sources */,
				21F6D1E92A4B1E7E00CBC983 /* PlayerView.swift in Sources */,
				21F6D1E72A4B1E6000CBC983 /* SplashLoader.swift in Sources */,
				21F6D2062A4B25A400CBC983 /* TextFieldWithIcon.swift in Sources */,
				21F6D1EE2A4B1F3100CBC983 /* IntroView.swift in Sources */,
				21F6D1F62A4B218400CBC983 /* ChangePasswordView.swift in Sources */,
				21F6D2162A4B270700CBC983 /* LoginView.swift in Sources */,
				21F6D2002A4B24D300CBC983 /* ToastView.swift in Sources */,
				21F6D1F82A4B22B700CBC983 /* ProfileView.swift in Sources */,
				21F6D1E02A4B194300CBC983 /* User.swift in Sources */,
				21F6D1E42A4B1BBF00CBC983 /* NotificationService.swift in Sources */,
				21F6D1832A47C3DE00CBC983 /* ContentView.swift in Sources */,
				21F6D1812A47C3DE00CBC983 /* QuickLiftsApp.swift in Sources */,
				21F6D1FA2A4B234800CBC983 /* ConfirmationButton.swift in Sources */,
				21F6D1EB2A4B1EDE00CBC983 /* PlayerUIView.swift in Sources */,
				21F6D1B02A4B17EE00CBC983 /* ServiceManager.swift in Sources */,
				21F6D2022A4B251300CBC983 /* Icon.swift in Sources */,
				21F6D1F02A4B1F8D00CBC983 /* NewIntroductionView.swift in Sources */,
			);
			runOnlyForDeploymentPostprocessing = 0;
		};
		21F6D18A2A47C3DF00CBC983 /* Sources */ = {
			isa = PBXSourcesBuildPhase;
			buildActionMask = 2147483647;
			files = (
				21F6D1932A47C3DF00CBC983 /* QuickLiftsTests.swift in Sources */,
			);
			runOnlyForDeploymentPostprocessing = 0;
		};
		21F6D1942A47C3DF00CBC983 /* Sources */ = {
			isa = PBXSourcesBuildPhase;
			buildActionMask = 2147483647;
			files = (
				21F6D19D2A47C3DF00CBC983 /* QuickLiftsUITests.swift in Sources */,
				21F6D19F2A47C3DF00CBC983 /* QuickLiftsUITestsLaunchTests.swift in Sources */,
			);
			runOnlyForDeploymentPostprocessing = 0;
		};
/* End PBXSourcesBuildPhase section */

/* Begin PBXTargetDependency section */
		21F6D1902A47C3DF00CBC983 /* PBXTargetDependency */ = {
			isa = PBXTargetDependency;
			target = 21F6D17C2A47C3DE00CBC983 /* QuickLifts */;
			targetProxy = 21F6D18F2A47C3DF00CBC983 /* PBXContainerItemProxy */;
		};
		21F6D19A2A47C3DF00CBC983 /* PBXTargetDependency */ = {
			isa = PBXTargetDependency;
			target = 21F6D17C2A47C3DE00CBC983 /* QuickLifts */;
			targetProxy = 21F6D1992A47C3DF00CBC983 /* PBXContainerItemProxy */;
		};
/* End PBXTargetDependency section */

/* Begin XCBuildConfiguration section */
		21F6D1A02A47C3DF00CBC983 /* Debug */ = {
			isa = XCBuildConfiguration;
			buildSettings = {
				ALWAYS_SEARCH_USER_PATHS = NO;
				CLANG_ANALYZER_NONNULL = YES;
				CLANG_ANALYZER_NUMBER_OBJECT_CONVERSION = YES_AGGRESSIVE;
				CLANG_CXX_LANGUAGE_STANDARD = "gnu++20";
				CLANG_ENABLE_MODULES = YES;
				CLANG_ENABLE_OBJC_ARC = YES;
				CLANG_ENABLE_OBJC_WEAK = YES;
				CLANG_WARN_BLOCK_CAPTURE_AUTORELEASING = YES;
				CLANG_WARN_BOOL_CONVERSION = YES;
				CLANG_WARN_COMMA = YES;
				CLANG_WARN_CONSTANT_CONVERSION = YES;
				CLANG_WARN_DEPRECATED_OBJC_IMPLEMENTATIONS = YES;
				CLANG_WARN_DIRECT_OBJC_ISA_USAGE = YES_ERROR;
				CLANG_WARN_DOCUMENTATION_COMMENTS = YES;
				CLANG_WARN_EMPTY_BODY = YES;
				CLANG_WARN_ENUM_CONVERSION = YES;
				CLANG_WARN_INFINITE_RECURSION = YES;
				CLANG_WARN_INT_CONVERSION = YES;
				CLANG_WARN_NON_LITERAL_NULL_CONVERSION = YES;
				CLANG_WARN_OBJC_IMPLICIT_RETAIN_SELF = YES;
				CLANG_WARN_OBJC_LITERAL_CONVERSION = YES;
				CLANG_WARN_OBJC_ROOT_CLASS = YES_ERROR;
				CLANG_WARN_QUOTED_INCLUDE_IN_FRAMEWORK_HEADER = YES;
				CLANG_WARN_RANGE_LOOP_ANALYSIS = YES;
				CLANG_WARN_STRICT_PROTOTYPES = YES;
				CLANG_WARN_SUSPICIOUS_MOVE = YES;
				CLANG_WARN_UNGUARDED_AVAILABILITY = YES_AGGRESSIVE;
				CLANG_WARN_UNREACHABLE_CODE = YES;
				CLANG_WARN__DUPLICATE_METHOD_MATCH = YES;
				COPY_PHASE_STRIP = NO;
				DEBUG_INFORMATION_FORMAT = dwarf;
				ENABLE_STRICT_OBJC_MSGSEND = YES;
				ENABLE_TESTABILITY = YES;
				GCC_C_LANGUAGE_STANDARD = gnu11;
				GCC_DYNAMIC_NO_PIC = NO;
				GCC_NO_COMMON_BLOCKS = YES;
				GCC_OPTIMIZATION_LEVEL = 0;
				GCC_PREPROCESSOR_DEFINITIONS = (
					"DEBUG=1",
					"$(inherited)",
				);
				GCC_WARN_64_TO_32_BIT_CONVERSION = YES;
				GCC_WARN_ABOUT_RETURN_TYPE = YES_ERROR;
				GCC_WARN_UNDECLARED_SELECTOR = YES;
				GCC_WARN_UNINITIALIZED_AUTOS = YES_AGGRESSIVE;
				GCC_WARN_UNUSED_FUNCTION = YES;
				GCC_WARN_UNUSED_VARIABLE = YES;
				MTL_ENABLE_DEBUG_INFO = INCLUDE_SOURCE;
				MTL_FAST_MATH = YES;
				ONLY_ACTIVE_ARCH = YES;
				SWIFT_ACTIVE_COMPILATION_CONDITIONS = DEBUG;
				SWIFT_OPTIMIZATION_LEVEL = "-Onone";
			};
			name = Debug;
		};
		21F6D1A12A47C3DF00CBC983 /* Release */ = {
			isa = XCBuildConfiguration;
			buildSettings = {
				ALWAYS_SEARCH_USER_PATHS = NO;
				CLANG_ANALYZER_NONNULL = YES;
				CLANG_ANALYZER_NUMBER_OBJECT_CONVERSION = YES_AGGRESSIVE;
				CLANG_CXX_LANGUAGE_STANDARD = "gnu++20";
				CLANG_ENABLE_MODULES = YES;
				CLANG_ENABLE_OBJC_ARC = YES;
				CLANG_ENABLE_OBJC_WEAK = YES;
				CLANG_WARN_BLOCK_CAPTURE_AUTORELEASING = YES;
				CLANG_WARN_BOOL_CONVERSION = YES;
				CLANG_WARN_COMMA = YES;
				CLANG_WARN_CONSTANT_CONVERSION = YES;
				CLANG_WARN_DEPRECATED_OBJC_IMPLEMENTATIONS = YES;
				CLANG_WARN_DIRECT_OBJC_ISA_USAGE = YES_ERROR;
				CLANG_WARN_DOCUMENTATION_COMMENTS = YES;
				CLANG_WARN_EMPTY_BODY = YES;
				CLANG_WARN_ENUM_CONVERSION = YES;
				CLANG_WARN_INFINITE_RECURSION = YES;
				CLANG_WARN_INT_CONVERSION = YES;
				CLANG_WARN_NON_LITERAL_NULL_CONVERSION = YES;
				CLANG_WARN_OBJC_IMPLICIT_RETAIN_SELF = YES;
				CLANG_WARN_OBJC_LITERAL_CONVERSION = YES;
				CLANG_WARN_OBJC_ROOT_CLASS = YES_ERROR;
				CLANG_WARN_QUOTED_INCLUDE_IN_FRAMEWORK_HEADER = YES;
				CLANG_WARN_RANGE_LOOP_ANALYSIS = YES;
				CLANG_WARN_STRICT_PROTOTYPES = YES;
				CLANG_WARN_SUSPICIOUS_MOVE = YES;
				CLANG_WARN_UNGUARDED_AVAILABILITY = YES_AGGRESSIVE;
				CLANG_WARN_UNREACHABLE_CODE = YES;
				CLANG_WARN__DUPLICATE_METHOD_MATCH = YES;
				COPY_PHASE_STRIP = NO;
				DEBUG_INFORMATION_FORMAT = "dwarf-with-dsym";
				ENABLE_NS_ASSERTIONS = NO;
				ENABLE_STRICT_OBJC_MSGSEND = YES;
				GCC_C_LANGUAGE_STANDARD = gnu11;
				GCC_NO_COMMON_BLOCKS = YES;
				GCC_WARN_64_TO_32_BIT_CONVERSION = YES;
				GCC_WARN_ABOUT_RETURN_TYPE = YES_ERROR;
				GCC_WARN_UNDECLARED_SELECTOR = YES;
				GCC_WARN_UNINITIALIZED_AUTOS = YES_AGGRESSIVE;
				GCC_WARN_UNUSED_FUNCTION = YES;
				GCC_WARN_UNUSED_VARIABLE = YES;
				MTL_ENABLE_DEBUG_INFO = NO;
				MTL_FAST_MATH = YES;
				SWIFT_COMPILATION_MODE = wholemodule;
				SWIFT_OPTIMIZATION_LEVEL = "-O";
			};
			name = Release;
		};
		21F6D1A32A47C3DF00CBC983 /* Debug */ = {
			isa = XCBuildConfiguration;
			buildSettings = {
				ASSETCATALOG_COMPILER_APPICON_NAME = AppIcon;
				ASSETCATALOG_COMPILER_GLOBAL_ACCENT_COLOR_NAME = AccentColor;
				CODE_SIGN_ENTITLEMENTS = QuickLifts/QuickLifts.entitlements;
				CODE_SIGN_STYLE = Automatic;
				CURRENT_PROJECT_VERSION = 1;
				DEVELOPMENT_ASSET_PATHS = "\"QuickLifts/Preview Content\"";
				DEVELOPMENT_TEAM = ZG887P86D5;
				ENABLE_HARDENED_RUNTIME = YES;
				ENABLE_PREVIEWS = YES;
				GENERATE_INFOPLIST_FILE = YES;
				"INFOPLIST_KEY_UIApplicationSceneManifest_Generation[sdk=iphoneos*]" = YES;
				"INFOPLIST_KEY_UIApplicationSceneManifest_Generation[sdk=iphonesimulator*]" = YES;
				"INFOPLIST_KEY_UIApplicationSupportsIndirectInputEvents[sdk=iphoneos*]" = YES;
				"INFOPLIST_KEY_UIApplicationSupportsIndirectInputEvents[sdk=iphonesimulator*]" = YES;
				"INFOPLIST_KEY_UILaunchScreen_Generation[sdk=iphoneos*]" = YES;
				"INFOPLIST_KEY_UILaunchScreen_Generation[sdk=iphonesimulator*]" = YES;
				"INFOPLIST_KEY_UIStatusBarStyle[sdk=iphoneos*]" = UIStatusBarStyleDefault;
				"INFOPLIST_KEY_UIStatusBarStyle[sdk=iphonesimulator*]" = UIStatusBarStyleDefault;
				INFOPLIST_KEY_UISupportedInterfaceOrientations_iPad = "UIInterfaceOrientationPortrait UIInterfaceOrientationPortraitUpsideDown UIInterfaceOrientationLandscapeLeft UIInterfaceOrientationLandscapeRight";
				INFOPLIST_KEY_UISupportedInterfaceOrientations_iPhone = "UIInterfaceOrientationPortrait UIInterfaceOrientationLandscapeLeft UIInterfaceOrientationLandscapeRight";
				IPHONEOS_DEPLOYMENT_TARGET = 16.4;
				LD_RUNPATH_SEARCH_PATHS = "@executable_path/Frameworks";
				"LD_RUNPATH_SEARCH_PATHS[sdk=macosx*]" = "@executable_path/../Frameworks";
				MACOSX_DEPLOYMENT_TARGET = 13.3;
				MARKETING_VERSION = 1.0;
				PRODUCT_BUNDLE_IDENTIFIER = Tremaine.QuickLifts;
				PRODUCT_NAME = "$(TARGET_NAME)";
				SDKROOT = auto;
				SUPPORTED_PLATFORMS = "iphoneos iphonesimulator macosx";
				SWIFT_EMIT_LOC_STRINGS = YES;
				SWIFT_VERSION = 5.0;
				TARGETED_DEVICE_FAMILY = "1,2";
			};
			name = Debug;
		};
		21F6D1A42A47C3DF00CBC983 /* Release */ = {
			isa = XCBuildConfiguration;
			buildSettings = {
				ASSETCATALOG_COMPILER_APPICON_NAME = AppIcon;
				ASSETCATALOG_COMPILER_GLOBAL_ACCENT_COLOR_NAME = AccentColor;
				CODE_SIGN_ENTITLEMENTS = QuickLifts/QuickLifts.entitlements;
				CODE_SIGN_STYLE = Automatic;
				CURRENT_PROJECT_VERSION = 1;
				DEVELOPMENT_ASSET_PATHS = "\"QuickLifts/Preview Content\"";
				DEVELOPMENT_TEAM = ZG887P86D5;
				ENABLE_HARDENED_RUNTIME = YES;
				ENABLE_PREVIEWS = YES;
				GENERATE_INFOPLIST_FILE = YES;
				"INFOPLIST_KEY_UIApplicationSceneManifest_Generation[sdk=iphoneos*]" = YES;
				"INFOPLIST_KEY_UIApplicationSceneManifest_Generation[sdk=iphonesimulator*]" = YES;
				"INFOPLIST_KEY_UIApplicationSupportsIndirectInputEvents[sdk=iphoneos*]" = YES;
				"INFOPLIST_KEY_UIApplicationSupportsIndirectInputEvents[sdk=iphonesimulator*]" = YES;
				"INFOPLIST_KEY_UILaunchScreen_Generation[sdk=iphoneos*]" = YES;
				"INFOPLIST_KEY_UILaunchScreen_Generation[sdk=iphonesimulator*]" = YES;
				"INFOPLIST_KEY_UIStatusBarStyle[sdk=iphoneos*]" = UIStatusBarStyleDefault;
				"INFOPLIST_KEY_UIStatusBarStyle[sdk=iphonesimulator*]" = UIStatusBarStyleDefault;
				INFOPLIST_KEY_UISupportedInterfaceOrientations_iPad = "UIInterfaceOrientationPortrait UIInterfaceOrientationPortraitUpsideDown UIInterfaceOrientationLandscapeLeft UIInterfaceOrientationLandscapeRight";
				INFOPLIST_KEY_UISupportedInterfaceOrientations_iPhone = "UIInterfaceOrientationPortrait UIInterfaceOrientationLandscapeLeft UIInterfaceOrientationLandscapeRight";
				IPHONEOS_DEPLOYMENT_TARGET = 16.4;
				LD_RUNPATH_SEARCH_PATHS = "@executable_path/Frameworks";
				"LD_RUNPATH_SEARCH_PATHS[sdk=macosx*]" = "@executable_path/../Frameworks";
				MACOSX_DEPLOYMENT_TARGET = 13.3;
				MARKETING_VERSION = 1.0;
				PRODUCT_BUNDLE_IDENTIFIER = Tremaine.QuickLifts;
				PRODUCT_NAME = "$(TARGET_NAME)";
				SDKROOT = auto;
				SUPPORTED_PLATFORMS = "iphoneos iphonesimulator macosx";
				SWIFT_EMIT_LOC_STRINGS = YES;
				SWIFT_VERSION = 5.0;
				TARGETED_DEVICE_FAMILY = "1,2";
			};
			name = Release;
		};
		21F6D1A62A47C3DF00CBC983 /* Debug */ = {
			isa = XCBuildConfiguration;
			buildSettings = {
				ALWAYS_EMBED_SWIFT_STANDARD_LIBRARIES = YES;
				BUNDLE_LOADER = "$(TEST_HOST)";
				CODE_SIGN_STYLE = Automatic;
				CURRENT_PROJECT_VERSION = 1;
				DEVELOPMENT_TEAM = ZG887P86D5;
				GENERATE_INFOPLIST_FILE = YES;
				IPHONEOS_DEPLOYMENT_TARGET = 16.4;
				MACOSX_DEPLOYMENT_TARGET = 13.3;
				MARKETING_VERSION = 1.0;
				PRODUCT_BUNDLE_IDENTIFIER = Tremaine.QuickLiftsTests;
				PRODUCT_NAME = "$(TARGET_NAME)";
				SDKROOT = auto;
				SUPPORTED_PLATFORMS = "iphoneos iphonesimulator macosx";
				SWIFT_EMIT_LOC_STRINGS = NO;
				SWIFT_VERSION = 5.0;
				TARGETED_DEVICE_FAMILY = "1,2";
				TEST_HOST = "$(BUILT_PRODUCTS_DIR)/QuickLifts.app/$(BUNDLE_EXECUTABLE_FOLDER_PATH)/QuickLifts";
			};
			name = Debug;
		};
		21F6D1A72A47C3DF00CBC983 /* Release */ = {
			isa = XCBuildConfiguration;
			buildSettings = {
				ALWAYS_EMBED_SWIFT_STANDARD_LIBRARIES = YES;
				BUNDLE_LOADER = "$(TEST_HOST)";
				CODE_SIGN_STYLE = Automatic;
				CURRENT_PROJECT_VERSION = 1;
				DEVELOPMENT_TEAM = ZG887P86D5;
				GENERATE_INFOPLIST_FILE = YES;
				IPHONEOS_DEPLOYMENT_TARGET = 16.4;
				MACOSX_DEPLOYMENT_TARGET = 13.3;
				MARKETING_VERSION = 1.0;
				PRODUCT_BUNDLE_IDENTIFIER = Tremaine.QuickLiftsTests;
				PRODUCT_NAME = "$(TARGET_NAME)";
				SDKROOT = auto;
				SUPPORTED_PLATFORMS = "iphoneos iphonesimulator macosx";
				SWIFT_EMIT_LOC_STRINGS = NO;
				SWIFT_VERSION = 5.0;
				TARGETED_DEVICE_FAMILY = "1,2";
				TEST_HOST = "$(BUILT_PRODUCTS_DIR)/QuickLifts.app/$(BUNDLE_EXECUTABLE_FOLDER_PATH)/QuickLifts";
			};
			name = Release;
		};
		21F6D1A92A47C3DF00CBC983 /* Debug */ = {
			isa = XCBuildConfiguration;
			buildSettings = {
				ALWAYS_EMBED_SWIFT_STANDARD_LIBRARIES = YES;
				CODE_SIGN_STYLE = Automatic;
				CURRENT_PROJECT_VERSION = 1;
				DEVELOPMENT_TEAM = ZG887P86D5;
				GENERATE_INFOPLIST_FILE = YES;
				IPHONEOS_DEPLOYMENT_TARGET = 16.4;
				MACOSX_DEPLOYMENT_TARGET = 13.3;
				MARKETING_VERSION = 1.0;
				PRODUCT_BUNDLE_IDENTIFIER = Tremaine.QuickLiftsUITests;
				PRODUCT_NAME = "$(TARGET_NAME)";
				SDKROOT = auto;
				SUPPORTED_PLATFORMS = "iphoneos iphonesimulator macosx";
				SWIFT_EMIT_LOC_STRINGS = NO;
				SWIFT_VERSION = 5.0;
				TARGETED_DEVICE_FAMILY = "1,2";
				TEST_TARGET_NAME = QuickLifts;
			};
			name = Debug;
		};
		21F6D1AA2A47C3DF00CBC983 /* Release */ = {
			isa = XCBuildConfiguration;
			buildSettings = {
				ALWAYS_EMBED_SWIFT_STANDARD_LIBRARIES = YES;
				CODE_SIGN_STYLE = Automatic;
				CURRENT_PROJECT_VERSION = 1;
				DEVELOPMENT_TEAM = ZG887P86D5;
				GENERATE_INFOPLIST_FILE = YES;
				IPHONEOS_DEPLOYMENT_TARGET = 16.4;
				MACOSX_DEPLOYMENT_TARGET = 13.3;
				MARKETING_VERSION = 1.0;
				PRODUCT_BUNDLE_IDENTIFIER = Tremaine.QuickLiftsUITests;
				PRODUCT_NAME = "$(TARGET_NAME)";
				SDKROOT = auto;
				SUPPORTED_PLATFORMS = "iphoneos iphonesimulator macosx";
				SWIFT_EMIT_LOC_STRINGS = NO;
				SWIFT_VERSION = 5.0;
				TARGETED_DEVICE_FAMILY = "1,2";
				TEST_TARGET_NAME = QuickLifts;
			};
			name = Release;
		};
/* End XCBuildConfiguration section */

/* Begin XCConfigurationList section */
		21F6D1782A47C3DE00CBC983 /* Build configuration list for PBXProject "QuickLifts" */ = {
			isa = XCConfigurationList;
			buildConfigurations = (
				21F6D1A02A47C3DF00CBC983 /* Debug */,
				21F6D1A12A47C3DF00CBC983 /* Release */,
			);
			defaultConfigurationIsVisible = 0;
			defaultConfigurationName = Release;
		};
		21F6D1A22A47C3DF00CBC983 /* Build configuration list for PBXNativeTarget "QuickLifts" */ = {
			isa = XCConfigurationList;
			buildConfigurations = (
				21F6D1A32A47C3DF00CBC983 /* Debug */,
				21F6D1A42A47C3DF00CBC983 /* Release */,
			);
			defaultConfigurationIsVisible = 0;
			defaultConfigurationName = Release;
		};
		21F6D1A52A47C3DF00CBC983 /* Build configuration list for PBXNativeTarget "QuickLiftsTests" */ = {
			isa = XCConfigurationList;
			buildConfigurations = (
				21F6D1A62A47C3DF00CBC983 /* Debug */,
				21F6D1A72A47C3DF00CBC983 /* Release */,
			);
			defaultConfigurationIsVisible = 0;
			defaultConfigurationName = Release;
		};
		21F6D1A82A47C3DF00CBC983 /* Build configuration list for PBXNativeTarget "QuickLiftsUITests" */ = {
			isa = XCConfigurationList;
			buildConfigurations = (
				21F6D1A92A47C3DF00CBC983 /* Debug */,
				21F6D1AA2A47C3DF00CBC983 /* Release */,
			);
			defaultConfigurationIsVisible = 0;
			defaultConfigurationName = Release;
		};
/* End XCConfigurationList section */

/* Begin XCRemoteSwiftPackageReference section */
		21F6D1B32A4B185E00CBC983 /* XCRemoteSwiftPackageReference "firebase-ios-sdk" */ = {
			isa = XCRemoteSwiftPackageReference;
			repositoryURL = "https://github.com/firebase/firebase-ios-sdk.git";
			requirement = {
				kind = upToNextMajorVersion;
				minimumVersion = 10.0.0;
			};
		};
/* End XCRemoteSwiftPackageReference section */

/* Begin XCSwiftPackageProductDependency section */
		21F6D1B42A4B185E00CBC983 /* FirebaseAnalytics */ = {
			isa = XCSwiftPackageProductDependency;
			package = 21F6D1B32A4B185E00CBC983 /* XCRemoteSwiftPackageReference "firebase-ios-sdk" */;
			productName = FirebaseAnalytics;
		};
		21F6D1B62A4B185E00CBC983 /* FirebaseAnalyticsOnDeviceConversion */ = {
			isa = XCSwiftPackageProductDependency;
			package = 21F6D1B32A4B185E00CBC983 /* XCRemoteSwiftPackageReference "firebase-ios-sdk" */;
			productName = FirebaseAnalyticsOnDeviceConversion;
		};
		21F6D1B82A4B185E00CBC983 /* FirebaseAnalyticsSwift */ = {
			isa = XCSwiftPackageProductDependency;
			package = 21F6D1B32A4B185E00CBC983 /* XCRemoteSwiftPackageReference "firebase-ios-sdk" */;
			productName = FirebaseAnalyticsSwift;
		};
		21F6D1BA2A4B185E00CBC983 /* FirebaseAnalyticsWithoutAdIdSupport */ = {
			isa = XCSwiftPackageProductDependency;
			package = 21F6D1B32A4B185E00CBC983 /* XCRemoteSwiftPackageReference "firebase-ios-sdk" */;
			productName = FirebaseAnalyticsWithoutAdIdSupport;
		};
		21F6D1BC2A4B185E00CBC983 /* FirebaseAppCheck */ = {
			isa = XCSwiftPackageProductDependency;
			package = 21F6D1B32A4B185E00CBC983 /* XCRemoteSwiftPackageReference "firebase-ios-sdk" */;
			productName = FirebaseAppCheck;
		};
		21F6D1BE2A4B185E00CBC983 /* FirebaseAuth */ = {
			isa = XCSwiftPackageProductDependency;
			package = 21F6D1B32A4B185E00CBC983 /* XCRemoteSwiftPackageReference "firebase-ios-sdk" */;
			productName = FirebaseAuth;
		};
		21F6D1C02A4B185E00CBC983 /* FirebaseAuthCombine-Community */ = {
			isa = XCSwiftPackageProductDependency;
			package = 21F6D1B32A4B185E00CBC983 /* XCRemoteSwiftPackageReference "firebase-ios-sdk" */;
			productName = "FirebaseAuthCombine-Community";
		};
		21F6D1C22A4B185E00CBC983 /* FirebaseCrashlytics */ = {
			isa = XCSwiftPackageProductDependency;
			package = 21F6D1B32A4B185E00CBC983 /* XCRemoteSwiftPackageReference "firebase-ios-sdk" */;
			productName = FirebaseCrashlytics;
		};
		21F6D1C42A4B185E00CBC983 /* FirebaseDatabase */ = {
			isa = XCSwiftPackageProductDependency;
			package = 21F6D1B32A4B185E00CBC983 /* XCRemoteSwiftPackageReference "firebase-ios-sdk" */;
			productName = FirebaseDatabase;
		};
		21F6D1C62A4B185E00CBC983 /* FirebaseDatabaseSwift */ = {
			isa = XCSwiftPackageProductDependency;
			package = 21F6D1B32A4B185E00CBC983 /* XCRemoteSwiftPackageReference "firebase-ios-sdk" */;
			productName = FirebaseDatabaseSwift;
		};
		21F6D1C82A4B185E00CBC983 /* FirebaseDynamicLinks */ = {
			isa = XCSwiftPackageProductDependency;
			package = 21F6D1B32A4B185E00CBC983 /* XCRemoteSwiftPackageReference "firebase-ios-sdk" */;
			productName = FirebaseDynamicLinks;
		};
		21F6D1CA2A4B185E00CBC983 /* FirebaseFirestore */ = {
			isa = XCSwiftPackageProductDependency;
			package = 21F6D1B32A4B185E00CBC983 /* XCRemoteSwiftPackageReference "firebase-ios-sdk" */;
			productName = FirebaseFirestore;
		};
		21F6D1CC2A4B185E00CBC983 /* FirebaseFirestoreSwift */ = {
			isa = XCSwiftPackageProductDependency;
			package = 21F6D1B32A4B185E00CBC983 /* XCRemoteSwiftPackageReference "firebase-ios-sdk" */;
			productName = FirebaseFirestoreSwift;
		};
		21F6D1CE2A4B185E00CBC983 /* FirebaseFunctions */ = {
			isa = XCSwiftPackageProductDependency;
			package = 21F6D1B32A4B185E00CBC983 /* XCRemoteSwiftPackageReference "firebase-ios-sdk" */;
			productName = FirebaseFunctions;
		};
		21F6D1D02A4B185E00CBC983 /* FirebaseInstallations */ = {
			isa = XCSwiftPackageProductDependency;
			package = 21F6D1B32A4B185E00CBC983 /* XCRemoteSwiftPackageReference "firebase-ios-sdk" */;
			productName = FirebaseInstallations;
		};
		21F6D1D22A4B185E00CBC983 /* FirebaseMLModelDownloader */ = {
			isa = XCSwiftPackageProductDependency;
			package = 21F6D1B32A4B185E00CBC983 /* XCRemoteSwiftPackageReference "firebase-ios-sdk" */;
			productName = FirebaseMLModelDownloader;
		};
		21F6D1D42A4B185E00CBC983 /* FirebaseMessaging */ = {
			isa = XCSwiftPackageProductDependency;
			package = 21F6D1B32A4B185E00CBC983 /* XCRemoteSwiftPackageReference "firebase-ios-sdk" */;
			productName = FirebaseMessaging;
		};
		21F6D1D62A4B185E00CBC983 /* FirebasePerformance */ = {
			isa = XCSwiftPackageProductDependency;
			package = 21F6D1B32A4B185E00CBC983 /* XCRemoteSwiftPackageReference "firebase-ios-sdk" */;
			productName = FirebasePerformance;
		};
		21F6D1D82A4B185E00CBC983 /* FirebaseRemoteConfig */ = {
			isa = XCSwiftPackageProductDependency;
			package = 21F6D1B32A4B185E00CBC983 /* XCRemoteSwiftPackageReference "firebase-ios-sdk" */;
			productName = FirebaseRemoteConfig;
		};
		21F6D1DA2A4B185E00CBC983 /* FirebaseRemoteConfigSwift */ = {
			isa = XCSwiftPackageProductDependency;
			package = 21F6D1B32A4B185E00CBC983 /* XCRemoteSwiftPackageReference "firebase-ios-sdk" */;
			productName = FirebaseRemoteConfigSwift;
		};
		21F6D1DC2A4B185E00CBC983 /* FirebaseStorage */ = {
			isa = XCSwiftPackageProductDependency;
			package = 21F6D1B32A4B185E00CBC983 /* XCRemoteSwiftPackageReference "firebase-ios-sdk" */;
			productName = FirebaseStorage;
		};
/* End XCSwiftPackageProductDependency section */
	};
	rootObject = 21F6D1752A47C3DE00CBC983 /* Project object */;
}
